// !$*UTF8*$!
{
	archiveVersion = 1;
	classes = {
	};
	objectVersion = 48;
	objects = {

/* Begin PBXBuildFile section */
		943737241FE822680037F365 /* AppDelegate.swift in Sources */ = {isa = PBXBuildFile; fileRef = 943737231FE822680037F365 /* AppDelegate.swift */; };
		943737261FE822680037F365 /* WelcomeViewController.swift in Sources */ = {isa = PBXBuildFile; fileRef = 943737251FE822680037F365 /* WelcomeViewController.swift */; };
		943737291FE822680037F365 /* Main.storyboard in Resources */ = {isa = PBXBuildFile; fileRef = 943737271FE822680037F365 /* Main.storyboard */; };
		9437372B1FE822680037F365 /* Assets.xcassets in Resources */ = {isa = PBXBuildFile; fileRef = 9437372A1FE822680037F365 /* Assets.xcassets */; };
		9437372E1FE822680037F365 /* LaunchScreen.storyboard in Resources */ = {isa = PBXBuildFile; fileRef = 9437372C1FE822680037F365 /* LaunchScreen.storyboard */; };
		948D93EE1FE8423A00AF3957 /* CalendarSelectViewController.swift in Sources */ = {isa = PBXBuildFile; fileRef = 948D93ED1FE8423A00AF3957 /* CalendarSelectViewController.swift */; };
		948D93F41FE84A2800AF3957 /* CalendarTableViewCell.swift in Sources */ = {isa = PBXBuildFile; fileRef = 948D93F31FE84A2800AF3957 /* CalendarTableViewCell.swift */; };
/* End PBXBuildFile section */

/* Begin PBXFileReference section */
		943737201FE822680037F365 /* T'Day.app */ = {isa = PBXFileReference; explicitFileType = wrapper.application; includeInIndex = 0; path = "T'Day.app"; sourceTree = BUILT_PRODUCTS_DIR; };
		943737231FE822680037F365 /* AppDelegate.swift */ = {isa = PBXFileReference; lastKnownFileType = sourcecode.swift; path = AppDelegate.swift; sourceTree = "<group>"; };
		943737251FE822680037F365 /* WelcomeViewController.swift */ = {isa = PBXFileReference; lastKnownFileType = sourcecode.swift; path = WelcomeViewController.swift; sourceTree = "<group>"; };
		943737281FE822680037F365 /* Base */ = {isa = PBXFileReference; lastKnownFileType = file.storyboard; name = Base; path = Base.lproj/Main.storyboard; sourceTree = "<group>"; };
		9437372A1FE822680037F365 /* Assets.xcassets */ = {isa = PBXFileReference; lastKnownFileType = folder.assetcatalog; path = Assets.xcassets; sourceTree = "<group>"; };
		9437372D1FE822680037F365 /* Base */ = {isa = PBXFileReference; lastKnownFileType = file.storyboard; name = Base; path = Base.lproj/LaunchScreen.storyboard; sourceTree = "<group>"; };
		9437372F1FE822680037F365 /* Info.plist */ = {isa = PBXFileReference; lastKnownFileType = text.plist.xml; path = Info.plist; sourceTree = "<group>"; };
		948D93ED1FE8423A00AF3957 /* CalendarSelectViewController.swift */ = {isa = PBXFileReference; lastKnownFileType = sourcecode.swift; path = CalendarSelectViewController.swift; sourceTree = "<group>"; };
		948D93F31FE84A2800AF3957 /* CalendarTableViewCell.swift */ = {isa = PBXFileReference; lastKnownFileType = sourcecode.swift; path = CalendarTableViewCell.swift; sourceTree = "<group>"; };
/* End PBXFileReference section */

/* Begin PBXFrameworksBuildPhase section */
		9437371D1FE822680037F365 /* Frameworks */ = {
			isa = PBXFrameworksBuildPhase;
			buildActionMask = 2147483647;
			files = (
			);
			runOnlyForDeploymentPostprocessing = 0;
		};
/* End PBXFrameworksBuildPhase section */

/* Begin PBXGroup section */
		943737171FE822680037F365 = {
			isa = PBXGroup;
			children = (
				943737221FE822680037F365 /* T'Day */,
				943737211FE822680037F365 /* Products */,
			);
			sourceTree = "<group>";
		};
		943737211FE822680037F365 /* Products */ = {
			isa = PBXGroup;
			children = (
				943737201FE822680037F365 /* T'Day.app */,
			);
			name = Products;
			sourceTree = "<group>";
		};
		943737221FE822680037F365 /* T'Day */ = {
			isa = PBXGroup;
			children = (
				943737231FE822680037F365 /* AppDelegate.swift */,
				943737251FE822680037F365 /* WelcomeViewController.swift */,
				943737271FE822680037F365 /* Main.storyboard */,
				9437372A1FE822680037F365 /* Assets.xcassets */,
				9437372C1FE822680037F365 /* LaunchScreen.storyboard */,
				9437372F1FE822680037F365 /* Info.plist */,
				948D93ED1FE8423A00AF3957 /* CalendarSelectViewController.swift */,
				948D93F31FE84A2800AF3957 /* CalendarTableViewCell.swift */,
			);
			path = "T'Day";
			sourceTree = "<group>";
		};
/* End PBXGroup section */

/* Begin PBXNativeTarget section */
		9437371F1FE822680037F365 /* T'Day */ = {
			isa = PBXNativeTarget;
			buildConfigurationList = 943737321FE822680037F365 /* Build configuration list for PBXNativeTarget "T'Day" */;
			buildPhases = (
				9437371C1FE822680037F365 /* Sources */,
				9437371D1FE822680037F365 /* Frameworks */,
				9437371E1FE822680037F365 /* Resources */,
			);
			buildRules = (
			);
			dependencies = (
			);
			name = "T'Day";
			productName = "T'Day";
			productReference = 943737201FE822680037F365 /* T'Day.app */;
			productType = "com.apple.product-type.application";
		};
/* End PBXNativeTarget section */

/* Begin PBXProject section */
		943737181FE822680037F365 /* Project object */ = {
			isa = PBXProject;
			attributes = {
				LastSwiftUpdateCheck = 0920;
				LastUpgradeCheck = 0920;
				ORGANIZATIONNAME = "Coshx Labs";
				TargetAttributes = {
					9437371F1FE822680037F365 = {
						CreatedOnToolsVersion = 9.2;
						ProvisioningStyle = Automatic;
					};
				};
			};
			buildConfigurationList = 9437371B1FE822680037F365 /* Build configuration list for PBXProject "T'Day" */;
			compatibilityVersion = "Xcode 8.0";
			developmentRegion = en;
			hasScannedForEncodings = 0;
			knownRegions = (
				en,
				Base,
			);
			mainGroup = 943737171FE822680037F365;
			productRefGroup = 943737211FE822680037F365 /* Products */;
			projectDirPath = "";
			projectRoot = "";
			targets = (
				9437371F1FE822680037F365 /* T'Day */,
			);
		};
/* End PBXProject section */

/* Begin PBXResourcesBuildPhase section */
		9437371E1FE822680037F365 /* Resources */ = {
			isa = PBXResourcesBuildPhase;
			buildActionMask = 2147483647;
			files = (
				9437372E1FE822680037F365 /* LaunchScreen.storyboard in Resources */,
				9437372B1FE822680037F365 /* Assets.xcassets in Resources */,
				943737291FE822680037F365 /* Main.storyboard in Resources */,
			);
			runOnlyForDeploymentPostprocessing = 0;
		};
/* End PBXResourcesBuildPhase section */

/* Begin PBXSourcesBuildPhase section */
		9437371C1FE822680037F365 /* Sources */ = {
			isa = PBXSourcesBuildPhase;
			buildActionMask = 2147483647;
			files = (
				943737261FE822680037F365 /* WelcomeViewController.swift in Sources */,
				943737241FE822680037F365 /* AppDelegate.swift in Sources */,
				948D93EE1FE8423A00AF3957 /* CalendarSelectViewController.swift in Sources */,
				948D93F41FE84A2800AF3957 /* CalendarTableViewCell.swift in Sources */,
			);
			runOnlyForDeploymentPostprocessing = 0;
		};
/* End PBXSourcesBuildPhase section */

/* Begin PBXVariantGroup section */
		943737271FE822680037F365 /* Main.storyboard */ = {
			isa = PBXVariantGroup;
			children = (
				943737281FE822680037F365 /* Base */,
			);
			name = Main.storyboard;
			sourceTree = "<group>";
		};
		9437372C1FE822680037F365 /* LaunchScreen.storyboard */ = {
			isa = PBXVariantGroup;
			children = (
				9437372D1FE822680037F365 /* Base */,
			);
			name = LaunchScreen.storyboard;
			sourceTree = "<group>";
		};
/* End PBXVariantGroup section */

/* Begin XCBuildConfiguration section */
		943737301FE822680037F365 /* Debug */ = {
			isa = XCBuildConfiguration;
			buildSettings = {
				ALWAYS_SEARCH_USER_PATHS = NO;
				CLANG_ANALYZER_NONNULL = YES;
				CLANG_ANALYZER_NUMBER_OBJECT_CONVERSION = YES_AGGRESSIVE;
				CLANG_CXX_LANGUAGE_STANDARD = "gnu++14";
				CLANG_CXX_LIBRARY = "libc++";
				CLANG_ENABLE_MODULES = YES;
				CLANG_ENABLE_OBJC_ARC = YES;
				CLANG_WARN_BLOCK_CAPTURE_AUTORELEASING = YES;
				CLANG_WARN_BOOL_CONVERSION = YES;
				CLANG_WARN_COMMA = YES;
				CLANG_WARN_CONSTANT_CONVERSION = YES;
				CLANG_WARN_DIRECT_OBJC_ISA_USAGE = YES_ERROR;
				CLANG_WARN_DOCUMENTATION_COMMENTS = YES;
				CLANG_WARN_EMPTY_BODY = YES;
				CLANG_WARN_ENUM_CONVERSION = YES;
				CLANG_WARN_INFINITE_RECURSION = YES;
				CLANG_WARN_INT_CONVERSION = YES;
				CLANG_WARN_NON_LITERAL_NULL_CONVERSION = YES;
				CLANG_WARN_OBJC_LITERAL_CONVERSION = YES;
				CLANG_WARN_OBJC_ROOT_CLASS = YES_ERROR;
				CLANG_WARN_RANGE_LOOP_ANALYSIS = YES;
				CLANG_WARN_STRICT_PROTOTYPES = YES;
				CLANG_WARN_SUSPICIOUS_MOVE = YES;
				CLANG_WARN_UNGUARDED_AVAILABILITY = YES_AGGRESSIVE;
				CLANG_WARN_UNREACHABLE_CODE = YES;
				CLANG_WARN__DUPLICATE_METHOD_MATCH = YES;
				CODE_SIGN_IDENTITY = "iPhone Developer";
				COPY_PHASE_STRIP = NO;
				DEBUG_INFORMATION_FORMAT = dwarf;
				ENABLE_STRICT_OBJC_MSGSEND = YES;
				ENABLE_TESTABILITY = YES;
				GCC_C_LANGUAGE_STANDARD = gnu11;
				GCC_DYNAMIC_NO_PIC = NO;
				GCC_NO_COMMON_BLOCKS = YES;
				GCC_OPTIMIZATION_LEVEL = 0;
				GCC_PREPROCESSOR_DEFINITIONS = (
					"DEBUG=1",
					"$(inherited)",
				);
				GCC_WARN_64_TO_32_BIT_CONVERSION = YES;
				GCC_WARN_ABOUT_RETURN_TYPE = YES_ERROR;
				GCC_WARN_UNDECLARED_SELECTOR = YES;
				GCC_WARN_UNINITIALIZED_AUTOS = YES_AGGRESSIVE;
				GCC_WARN_UNUSED_FUNCTION = YES;
				GCC_WARN_UNUSED_VARIABLE = YES;
				IPHONEOS_DEPLOYMENT_TARGET = 11.2;
				MTL_ENABLE_DEBUG_INFO = YES;
				ONLY_ACTIVE_ARCH = YES;
				SDKROOT = iphoneos;
				SWIFT_ACTIVE_COMPILATION_CONDITIONS = DEBUG;
				SWIFT_OPTIMIZATION_LEVEL = "-Onone";
			};
			name = Debug;
		};
		943737311FE822680037F365 /* Release */ = {
			isa = XCBuildConfiguration;
			buildSettings = {
				ALWAYS_SEARCH_USER_PATHS = NO;
				CLANG_ANALYZER_NONNULL = YES;
				CLANG_ANALYZER_NUMBER_OBJECT_CONVERSION = YES_AGGRESSIVE;
				CLANG_CXX_LANGUAGE_STANDARD = "gnu++14";
				CLANG_CXX_LIBRARY = "libc++";
				CLANG_ENABLE_MODULES = YES;
				CLANG_ENABLE_OBJC_ARC = YES;
				CLANG_WARN_BLOCK_CAPTURE_AUTORELEASING = YES;
				CLANG_WARN_BOOL_CONVERSION = YES;
				CLANG_WARN_COMMA = YES;
				CLANG_WARN_CONSTANT_CONVERSION = YES;
				CLANG_WARN_DIRECT_OBJC_ISA_USAGE = YES_ERROR;
				CLANG_WARN_DOCUMENTATION_COMMENTS = YES;
				CLANG_WARN_EMPTY_BODY = YES;
				CLANG_WARN_ENUM_CONVERSION = YES;
				CLANG_WARN_INFINITE_RECURSION = YES;
				CLANG_WARN_INT_CONVERSION = YES;
				CLANG_WARN_NON_LITERAL_NULL_CONVERSION = YES;
				CLANG_WARN_OBJC_LITERAL_CONVERSION = YES;
				CLANG_WARN_OBJC_ROOT_CLASS = YES_ERROR;
				CLANG_WARN_RANGE_LOOP_ANALYSIS = YES;
				CLANG_WARN_STRICT_PROTOTYPES = YES;
				CLANG_WARN_SUSPICIOUS_MOVE = YES;
				CLANG_WARN_UNGUARDED_AVAILABILITY = YES_AGGRESSIVE;
				CLANG_WARN_UNREACHABLE_CODE = YES;
				CLANG_WARN__DUPLICATE_METHOD_MATCH = YES;
				CODE_SIGN_IDENTITY = "iPhone Developer";
				COPY_PHASE_STRIP = NO;
				DEBUG_INFORMATION_FORMAT = "dwarf-with-dsym";
				ENABLE_NS_ASSERTIONS = NO;
				ENABLE_STRICT_OBJC_MSGSEND = YES;
				GCC_C_LANGUAGE_STANDARD = gnu11;
				GCC_NO_COMMON_BLOCKS = YES;
				GCC_WARN_64_TO_32_BIT_CONVERSION = YES;
				GCC_WARN_ABOUT_RETURN_TYPE = YES_ERROR;
				GCC_WARN_UNDECLARED_SELECTOR = YES;
				GCC_WARN_UNINITIALIZED_AUTOS = YES_AGGRESSIVE;
				GCC_WARN_UNUSED_FUNCTION = YES;
				GCC_WARN_UNUSED_VARIABLE = YES;
				IPHONEOS_DEPLOYMENT_TARGET = 11.2;
				MTL_ENABLE_DEBUG_INFO = NO;
				SDKROOT = iphoneos;
				SWIFT_OPTIMIZATION_LEVEL = "-Owholemodule";
				VALIDATE_PRODUCT = YES;
			};
			name = Release;
		};
		943737331FE822680037F365 /* Debug */ = {
			isa = XCBuildConfiguration;
			buildSettings = {
				ASSETCATALOG_COMPILER_APPICON_NAME = AppIcon;
				CODE_SIGN_STYLE = Automatic;
				DEVELOPMENT_TEAM = YNH9MQQ87M;
				INFOPLIST_FILE = "T'Day/Info.plist";
				LD_RUNPATH_SEARCH_PATHS = "$(inherited) @executable_path/Frameworks";
				PRODUCT_BUNDLE_IDENTIFIER = "com.coshx.tday.T-Day";
				PRODUCT_NAME = "$(TARGET_NAME)";
				SWIFT_VERSION = 4.0;
				TARGETED_DEVICE_FAMILY = "1,2";
			};
			name = Debug;
		};
		943737341FE822680037F365 /* Release */ = {
			isa = XCBuildConfiguration;
			buildSettings = {
				ASSETCATALOG_COMPILER_APPICON_NAME = AppIcon;
				CODE_SIGN_STYLE = Automatic;
				DEVELOPMENT_TEAM = YNH9MQQ87M;
				INFOPLIST_FILE = "T'Day/Info.plist";
				LD_RUNPATH_SEARCH_PATHS = "$(inherited) @executable_path/Frameworks";
				PRODUCT_BUNDLE_IDENTIFIER = "com.coshx.tday.T-Day";
				PRODUCT_NAME = "$(TARGET_NAME)";
				SWIFT_VERSION = 4.0;
				TARGETED_DEVICE_FAMILY = "1,2";
			};
			name = Release;
		};
/* End XCBuildConfiguration section */

/* Begin XCConfigurationList section */
		9437371B1FE822680037F365 /* Build configuration list for PBXProject "T'Day" */ = {
			isa = XCConfigurationList;
			buildConfigurations = (
				943737301FE822680037F365 /* Debug */,
				943737311FE822680037F365 /* Release */,
			);
			defaultConfigurationIsVisible = 0;
			defaultConfigurationName = Release;
		};
		943737321FE822680037F365 /* Build configuration list for PBXNativeTarget "T'Day" */ = {
			isa = XCConfigurationList;
			buildConfigurations = (
				943737331FE822680037F365 /* Debug */,
				943737341FE822680037F365 /* Release */,
			);
			defaultConfigurationIsVisible = 0;
			defaultConfigurationName = Release;
		};
/* End XCConfigurationList section */
	};
	rootObject = 943737181FE822680037F365 /* Project object */;
}
